
Microsoft Visual Studio Solution File, Format Version 11.00
# Visual Studio 2010
Project("{FAE04EC0-301F-11D3-BF4B-00C04F79EFBC}") = "Assembly-CSharp", "Assembly-CSharp.csproj", "{F050CBCF-D84A-41F1-8FBD-317BF2C58425}"
EndProject
Project("{FAE04EC0-301F-11D3-BF4B-00C04F79EFBC}") = "Assembly-CSharp-Editor-firstpass", "Assembly-CSharp-Editor-firstpass.csproj", "{C753B038-4705-05C2-102F-7991BCE033C9}"
EndProject
Global
	GlobalSection(SolutionConfigurationPlatforms) = preSolution
		Debug|Any CPU = Debug|Any CPU
		Release|Any CPU = Release|Any CPU
	EndGlobalSection
	GlobalSection(ProjectConfigurationPlatforms) = postSolution
		{F050CBCF-D84A-41F1-8FBD-317BF2C58425}.Debug|Any CPU.ActiveCfg = Debug|Any CPU
		{F050CBCF-D84A-41F1-8FBD-317BF2C58425}.Debug|Any CPU.Build.0 = Debug|Any CPU
		{F050CBCF-D84A-41F1-8FBD-317BF2C58425}.Release|Any CPU.ActiveCfg = Release|Any CPU
		{F050CBCF-D84A-41F1-8FBD-317BF2C58425}.Release|Any CPU.Build.0 = Release|Any CPU
		{C753B038-4705-05C2-102F-7991BCE033C9}.Debug|Any CPU.ActiveCfg = Debug|Any CPU
		{C753B038-4705-05C2-102F-7991BCE033C9}.Debug|Any CPU.Build.0 = Debug|Any CPU
		{C753B038-4705-05C2-102F-7991BCE033C9}.Release|Any CPU.ActiveCfg = Release|Any CPU
		{C753B038-4705-05C2-102F-7991BCE033C9}.Release|Any CPU.Build.0 = Release|Any CPU
	EndGlobalSection
	GlobalSection(SolutionProperties) = preSolution
		HideSolutionNode = FALSE
	EndGlobalSection
EndGlobal
